
Microsoft Visual Studio Solution File, Format Version 12.00
Project("{FAE04EC0-301F-11D3-BF4B-00C04F79EFBC}") = "MedicalAppointment.Api", "MedicalAppointment.Api\MedicalAppointment.Api.csproj", "{0052ECB6-6CE1-4DCE-9444-E8D4CFBB21EF}"
EndProject
Project("{2150E333-8FDC-42A3-9474-1A3956D46DE8}") = "Solution Items", "Solution Items", "{ACB46347-F82A-4052-9148-E1725400DCCB}"
	ProjectSection(SolutionItems) = preProject
		compose.yaml = compose.yaml
	EndProjectSection
EndProject
Global
	GlobalSection(SolutionConfigurationPlatforms) = preSolution
		Debug|Any CPU = Debug|Any CPU
		Release|Any CPU = Release|Any CPU
	EndGlobalSection
	GlobalSection(ProjectConfigurationPlatforms) = postSolution
		{0052ECB6-6CE1-4DCE-9444-E8D4CFBB21EF}.Debug|Any CPU.ActiveCfg = Debug|Any CPU
		{0052ECB6-6CE1-4DCE-9444-E8D4CFBB21EF}.Debug|Any CPU.Build.0 = Debug|Any CPU
		{0052ECB6-6CE1-4DCE-9444-E8D4CFBB21EF}.Release|Any CPU.ActiveCfg = Release|Any CPU
		{0052ECB6-6CE1-4DCE-9444-E8D4CFBB21EF}.Release|Any CPU.Build.0 = Release|Any CPU
	EndGlobalSection
EndGlobal
